# This file was autogenerated by Stack.
# You should not edit this file by hand.
# For more information, please see the documentation at:
#   https://docs.haskellstack.org/en/stable/lock_files

packages: []
snapshots:
- completed:
    sha256: ca5d5cf1eb34ea2647e5bd63f5f0207cf536b204b3e62cd07d6f3c7ec5e949a4
    size: 623064
    url: https://raw.githubusercontent.com/commercialhaskell/stackage-snapshots/master/nightly/2023/4/29.yaml
  original: nightly-2023-04-29
